
Microsoft Visual Studio Solution File, Format Version 12.00
# Visual Studio 15
VisualStudioVersion = 15.0.26430.14
MinimumVisualStudioVersion = 10.0.40219.1
Project("{FAE04EC0-301F-11D3-BF4B-00C04F79EFBC}") = "RandoEditor", "RandoEditor\RandoEditor.csproj", "{061FECD6-04EE-41A7-BFC9-9EB57C82B661}"
EndProject
Project("{FAE04EC0-301F-11D3-BF4B-00C04F79EFBC}") = "Verifier", "Verifier\Verifier.csproj", "{A157BE40-AB44-4806-BD1A-670DEDE2824A}"
EndProject
Project("{FAE04EC0-301F-11D3-BF4B-00C04F79EFBC}") = "Common", "Common\Common.csproj", "{07E29104-B1D6-4A8F-AE7E-8A0934D69166}"
EndProject
Project("{FAE04EC0-301F-11D3-BF4B-00C04F79EFBC}") = "VerifierTests", "VerifierTests\VerifierTests.csproj", "{0B17F523-B2B2-4FCB-B1D1-BE0E5CEAEEAB}"
EndProject
Project("{FAE04EC0-301F-11D3-BF4B-00C04F79EFBC}") = "VerifierClient", "VerifierClient\VerifierClient.csproj", "{E85A9437-A89A-492F-92A0-223C39F69DA3}"
EndProject
Project("{FAE04EC0-301F-11D3-BF4B-00C04F79EFBC}") = "mzmr_common", "mzmr_common\mzmr_common.csproj", "{C6385E78-C5EB-45B2-801E-13ACAE69EA5D}"
EndProject
Project("{FAE04EC0-301F-11D3-BF4B-00C04F79EFBC}") = "RandomizerClient", "RandomizerClient\RandomizerClient.csproj", "{14C473B4-3242-4020-877F-7737E2F0B153}"
EndProject
Project("{FAE04EC0-301F-11D3-BF4B-00C04F79EFBC}") = "Randomizer", "Randomizer\Randomizer.csproj", "{1B853E50-2A66-4664-B0DC-40F55DBF653C}"
EndProject
Global
	GlobalSection(SolutionConfigurationPlatforms) = preSolution
		Debug|Any CPU = Debug|Any CPU
		Release|Any CPU = Release|Any CPU
	EndGlobalSection
	GlobalSection(ProjectConfigurationPlatforms) = postSolution
		{061FECD6-04EE-41A7-BFC9-9EB57C82B661}.Debug|Any CPU.ActiveCfg = Debug|Any CPU
		{061FECD6-04EE-41A7-BFC9-9EB57C82B661}.Debug|Any CPU.Build.0 = Debug|Any CPU
		{061FECD6-04EE-41A7-BFC9-9EB57C82B661}.Release|Any CPU.ActiveCfg = Release|Any CPU
		{061FECD6-04EE-41A7-BFC9-9EB57C82B661}.Release|Any CPU.Build.0 = Release|Any CPU
		{A157BE40-AB44-4806-BD1A-670DEDE2824A}.Debug|Any CPU.ActiveCfg = Debug|Any CPU
		{A157BE40-AB44-4806-BD1A-670DEDE2824A}.Debug|Any CPU.Build.0 = Debug|Any CPU
		{A157BE40-AB44-4806-BD1A-670DEDE2824A}.Release|Any CPU.ActiveCfg = Release|Any CPU
		{A157BE40-AB44-4806-BD1A-670DEDE2824A}.Release|Any CPU.Build.0 = Release|Any CPU
		{07E29104-B1D6-4A8F-AE7E-8A0934D69166}.Debug|Any CPU.ActiveCfg = Debug|Any CPU
		{07E29104-B1D6-4A8F-AE7E-8A0934D69166}.Debug|Any CPU.Build.0 = Debug|Any CPU
		{07E29104-B1D6-4A8F-AE7E-8A0934D69166}.Release|Any CPU.ActiveCfg = Release|Any CPU
		{07E29104-B1D6-4A8F-AE7E-8A0934D69166}.Release|Any CPU.Build.0 = Release|Any CPU
		{0B17F523-B2B2-4FCB-B1D1-BE0E5CEAEEAB}.Debug|Any CPU.ActiveCfg = Debug|Any CPU
		{0B17F523-B2B2-4FCB-B1D1-BE0E5CEAEEAB}.Debug|Any CPU.Build.0 = Debug|Any CPU
		{0B17F523-B2B2-4FCB-B1D1-BE0E5CEAEEAB}.Release|Any CPU.ActiveCfg = Release|Any CPU
		{0B17F523-B2B2-4FCB-B1D1-BE0E5CEAEEAB}.Release|Any CPU.Build.0 = Release|Any CPU
		{E85A9437-A89A-492F-92A0-223C39F69DA3}.Debug|Any CPU.ActiveCfg = Debug|Any CPU
		{E85A9437-A89A-492F-92A0-223C39F69DA3}.Debug|Any CPU.Build.0 = Debug|Any CPU
		{E85A9437-A89A-492F-92A0-223C39F69DA3}.Release|Any CPU.ActiveCfg = Release|Any CPU
		{E85A9437-A89A-492F-92A0-223C39F69DA3}.Release|Any CPU.Build.0 = Release|Any CPU
		{C6385E78-C5EB-45B2-801E-13ACAE69EA5D}.Debug|Any CPU.ActiveCfg = Debug|Any CPU
		{C6385E78-C5EB-45B2-801E-13ACAE69EA5D}.Debug|Any CPU.Build.0 = Debug|Any CPU
		{C6385E78-C5EB-45B2-801E-13ACAE69EA5D}.Release|Any CPU.ActiveCfg = Release|Any CPU
		{C6385E78-C5EB-45B2-801E-13ACAE69EA5D}.Release|Any CPU.Build.0 = Release|Any CPU
		{14C473B4-3242-4020-877F-7737E2F0B153}.Debug|Any CPU.ActiveCfg = Debug|Any CPU
		{14C473B4-3242-4020-877F-7737E2F0B153}.Debug|Any CPU.Build.0 = Debug|Any CPU
		{14C473B4-3242-4020-877F-7737E2F0B153}.Release|Any CPU.ActiveCfg = Release|Any CPU
		{14C473B4-3242-4020-877F-7737E2F0B153}.Release|Any CPU.Build.0 = Release|Any CPU
		{1B853E50-2A66-4664-B0DC-40F55DBF653C}.Debug|Any CPU.ActiveCfg = Debug|Any CPU
		{1B853E50-2A66-4664-B0DC-40F55DBF653C}.Debug|Any CPU.Build.0 = Debug|Any CPU
		{1B853E50-2A66-4664-B0DC-40F55DBF653C}.Release|Any CPU.ActiveCfg = Release|Any CPU
		{1B853E50-2A66-4664-B0DC-40F55DBF653C}.Release|Any CPU.Build.0 = Release|Any CPU
	EndGlobalSection
	GlobalSection(SolutionProperties) = preSolution
		HideSolutionNode = FALSE
	EndGlobalSection
	GlobalSection(ExtensibilityGlobals) = postSolution
		SolutionGuid = {17FA08B9-D113-43BA-B908-89DB83E86F91}
	EndGlobalSection
EndGlobal
