
Microsoft Visual Studio Solution File, Format Version 12.00
# Visual Studio 15
VisualStudioVersion = 15.0.26430.14
MinimumVisualStudioVersion = 10.0.40219.1
Project("{FAE04EC0-301F-11D3-BF4B-00C04F79EFBC}") = "RandoEditor", "RandoEditor\RandoEditor.csproj", "{061FECD6-04EE-41A7-BFC9-9EB57C82B661}"
EndProject
Project("{FAE04EC0-301F-11D3-BF4B-00C04F79EFBC}") = "Verifier", "Verifier\Verifier.csproj", "{A157BE40-AB44-4806-BD1A-670DEDE2824A}"
EndProject
Global
	GlobalSection(SolutionConfigurationPlatforms) = preSolution
		Debug|Any CPU = Debug|Any CPU
		Release|Any CPU = Release|Any CPU
	EndGlobalSection
	GlobalSection(ProjectConfigurationPlatforms) = postSolution
		{061FECD6-04EE-41A7-BFC9-9EB57C82B661}.Debug|Any CPU.ActiveCfg = Debug|Any CPU
		{061FECD6-04EE-41A7-BFC9-9EB57C82B661}.Debug|Any CPU.Build.0 = Debug|Any CPU
		{061FECD6-04EE-41A7-BFC9-9EB57C82B661}.Release|Any CPU.ActiveCfg = Release|Any CPU
		{061FECD6-04EE-41A7-BFC9-9EB57C82B661}.Release|Any CPU.Build.0 = Release|Any CPU
		{A157BE40-AB44-4806-BD1A-670DEDE2824A}.Debug|Any CPU.ActiveCfg = Debug|Any CPU
		{A157BE40-AB44-4806-BD1A-670DEDE2824A}.Debug|Any CPU.Build.0 = Debug|Any CPU
		{A157BE40-AB44-4806-BD1A-670DEDE2824A}.Release|Any CPU.ActiveCfg = Release|Any CPU
		{A157BE40-AB44-4806-BD1A-670DEDE2824A}.Release|Any CPU.Build.0 = Release|Any CPU
	EndGlobalSection
	GlobalSection(SolutionProperties) = preSolution
		HideSolutionNode = FALSE
	EndGlobalSection
	GlobalSection(ExtensibilityGlobals) = postSolution
		SolutionGuid = {17FA08B9-D113-43BA-B908-89DB83E86F91}
	EndGlobalSection
EndGlobal
